
Microsoft Visual Studio Solution File, Format Version 12.00
# Visual Studio Version 17
VisualStudioVersion = 17.7.34031.279
MinimumVisualStudioVersion = 10.0.40219.1
Project("{FAE04EC0-301F-11D3-BF4B-00C04F79EFBC}") = "Raccoon", "Raccoon\Raccoon.csproj", "{BF7A2A58-7F15-4177-AA0D-EC2C3FD63631}"
EndProject
Global
	GlobalSection(SolutionConfigurationPlatforms) = preSolution
		Debug|Any CPU = Debug|Any CPU
		Release|Any CPU = Release|Any CPU
	EndGlobalSection
	GlobalSection(ProjectConfigurationPlatforms) = postSolution
		{BF7A2A58-7F15-4177-AA0D-EC2C3FD63631}.Debug|Any CPU.ActiveCfg = Debug|Any CPU
		{BF7A2A58-7F15-4177-AA0D-EC2C3FD63631}.Debug|Any CPU.Build.0 = Debug|Any CPU
		{BF7A2A58-7F15-4177-AA0D-EC2C3FD63631}.Release|Any CPU.ActiveCfg = Release|Any CPU
		{BF7A2A58-7F15-4177-AA0D-EC2C3FD63631}.Release|Any CPU.Build.0 = Release|Any CPU
	EndGlobalSection
	GlobalSection(SolutionProperties) = preSolution
		HideSolutionNode = FALSE
	EndGlobalSection
	GlobalSection(ExtensibilityGlobals) = postSolution
		SolutionGuid = {6263BC6B-5608-44C8-A4AF-C181D80A33A5}
	EndGlobalSection
EndGlobal
